// !$*UTF8*$!
{
	archiveVersion = 1;
	classes = {
	};
	objectVersion = 48;
	objects = {

/* Begin PBXBuildFile section */
		9693D3AA20C80C460032A948 /* abc001.cpp in Sources */ = {isa = PBXBuildFile; fileRef = 9693D3A920C80C460032A948 /* abc001.cpp */; };
		9693D3AC20C80C6E0032A948 /* abc002.cpp in Sources */ = {isa = PBXBuildFile; fileRef = 9693D3AB20C80C6E0032A948 /* abc002.cpp */; };
		9693D3AE20C80C990032A948 /* template.cpp in Sources */ = {isa = PBXBuildFile; fileRef = 9693D3AD20C80C990032A948 /* template.cpp */; };
		9693D3B020C80CC50032A948 /* abc003.cpp in Sources */ = {isa = PBXBuildFile; fileRef = 9693D3AF20C80CC50032A948 /* abc003.cpp */; };
		9693D3B220C80CD80032A948 /* abc004.cpp in Sources */ = {isa = PBXBuildFile; fileRef = 9693D3B120C80CD80032A948 /* abc004.cpp */; };
		9693D3B420C80D1D0032A948 /* abc005.cpp in Sources */ = {isa = PBXBuildFile; fileRef = 9693D3B320C80D1D0032A948 /* abc005.cpp */; };
		9693D3B620C80E200032A948 /* abc006.cpp in Sources */ = {isa = PBXBuildFile; fileRef = 9693D3B520C80E200032A948 /* abc006.cpp */; };
		9693D3B820C80ECF0032A948 /* abc007.cpp in Sources */ = {isa = PBXBuildFile; fileRef = 9693D3B720C80ECF0032A948 /* abc007.cpp */; };
		9693D3BA20C80F490032A948 /* abc008.cpp in Sources */ = {isa = PBXBuildFile; fileRef = 9693D3B920C80F490032A948 /* abc008.cpp */; };
		9693D3BC20C80FB00032A948 /* abc009.cpp in Sources */ = {isa = PBXBuildFile; fileRef = 9693D3BB20C80FB00032A948 /* abc009.cpp */; };
		9693D3BE20C810550032A948 /* abc010.cpp in Sources */ = {isa = PBXBuildFile; fileRef = 9693D3BD20C810550032A948 /* abc010.cpp */; };
		9693D3C020C811050032A948 /* abc011.cpp in Sources */ = {isa = PBXBuildFile; fileRef = 9693D3BF20C811050032A948 /* abc011.cpp */; };
		9693D3C220C811A40032A948 /* abc012.cpp in Sources */ = {isa = PBXBuildFile; fileRef = 9693D3C120C811A40032A948 /* abc012.cpp */; };
		9693D3C420C812C40032A948 /* abc013.cpp in Sources */ = {isa = PBXBuildFile; fileRef = 9693D3C320C812C40032A948 /* abc013.cpp */; };
		9693D3C620C813710032A948 /* abc014.cpp in Sources */ = {isa = PBXBuildFile; fileRef = 9693D3C520C813710032A948 /* abc014.cpp */; };
		9693D3C820C815290032A948 /* abc015.cpp in Sources */ = {isa = PBXBuildFile; fileRef = 9693D3C720C815290032A948 /* abc015.cpp */; };
		9693D3CA20C8164C0032A948 /* abc016.cpp in Sources */ = {isa = PBXBuildFile; fileRef = 9693D3C920C8164C0032A948 /* abc016.cpp */; };
		9693D3CC20C816900032A948 /* abc017.cpp in Sources */ = {isa = PBXBuildFile; fileRef = 9693D3CB20C816900032A948 /* abc017.cpp */; };
		9693D3CE20C817260032A948 /* abc018.cpp in Sources */ = {isa = PBXBuildFile; fileRef = 9693D3CD20C817260032A948 /* abc018.cpp */; };
		9693D3D020C81AF50032A948 /* abc019.cpp in Sources */ = {isa = PBXBuildFile; fileRef = 9693D3CF20C81AF50032A948 /* abc019.cpp */; };
		9693D3D220C81B5D0032A948 /* abc020.cpp in Sources */ = {isa = PBXBuildFile; fileRef = 9693D3D120C81B5D0032A948 /* abc020.cpp */; };
		9693D3D420C81BC00032A948 /* abc021.cpp in Sources */ = {isa = PBXBuildFile; fileRef = 9693D3D320C81BC00032A948 /* abc021.cpp */; };
		9693D3D620C81C2D0032A948 /* abc022.cpp in Sources */ = {isa = PBXBuildFile; fileRef = 9693D3D520C81C2D0032A948 /* abc022.cpp */; };
		9693D3D820C81D110032A948 /* abc023.cpp in Sources */ = {isa = PBXBuildFile; fileRef = 9693D3D720C81D110032A948 /* abc023.cpp */; };
/* End PBXBuildFile section */

/* Begin PBXFileReference section */
		9693D39920C8050F0032A948 /* libatcoder.a */ = {isa = PBXFileReference; explicitFileType = archive.ar; includeInIndex = 0; name = libatcoder.a; path = /Developer/dev/libreishoku/atcoder/build/Debug/libatcoder.a; sourceTree = "<absolute>"; };
		9693D3A920C80C460032A948 /* abc001.cpp */ = {isa = PBXFileReference; lastKnownFileType = sourcecode.cpp.cpp; path = abc001.cpp; sourceTree = "<group>"; };
		9693D3AB20C80C6E0032A948 /* abc002.cpp */ = {isa = PBXFileReference; lastKnownFileType = sourcecode.cpp.cpp; path = abc002.cpp; sourceTree = "<group>"; };
		9693D3AD20C80C990032A948 /* template.cpp */ = {isa = PBXFileReference; lastKnownFileType = sourcecode.cpp.cpp; path = template.cpp; sourceTree = "<group>"; };
		9693D3AF20C80CC50032A948 /* abc003.cpp */ = {isa = PBXFileReference; lastKnownFileType = sourcecode.cpp.cpp; path = abc003.cpp; sourceTree = "<group>"; };
		9693D3B120C80CD80032A948 /* abc004.cpp */ = {isa = PBXFileReference; lastKnownFileType = sourcecode.cpp.cpp; path = abc004.cpp; sourceTree = "<group>"; };
		9693D3B320C80D1D0032A948 /* abc005.cpp */ = {isa = PBXFileReference; lastKnownFileType = sourcecode.cpp.cpp; path = abc005.cpp; sourceTree = "<group>"; };
		9693D3B520C80E200032A948 /* abc006.cpp */ = {isa = PBXFileReference; lastKnownFileType = sourcecode.cpp.cpp; path = abc006.cpp; sourceTree = "<group>"; };
		9693D3B720C80ECF0032A948 /* abc007.cpp */ = {isa = PBXFileReference; lastKnownFileType = sourcecode.cpp.cpp; path = abc007.cpp; sourceTree = "<group>"; };
		9693D3B920C80F490032A948 /* abc008.cpp */ = {isa = PBXFileReference; lastKnownFileType = sourcecode.cpp.cpp; path = abc008.cpp; sourceTree = "<group>"; };
		9693D3BB20C80FB00032A948 /* abc009.cpp */ = {isa = PBXFileReference; lastKnownFileType = sourcecode.cpp.cpp; path = abc009.cpp; sourceTree = "<group>"; };
		9693D3BD20C810550032A948 /* abc010.cpp */ = {isa = PBXFileReference; lastKnownFileType = sourcecode.cpp.cpp; path = abc010.cpp; sourceTree = "<group>"; };
		9693D3BF20C811050032A948 /* abc011.cpp */ = {isa = PBXFileReference; lastKnownFileType = sourcecode.cpp.cpp; path = abc011.cpp; sourceTree = "<group>"; };
		9693D3C120C811A40032A948 /* abc012.cpp */ = {isa = PBXFileReference; lastKnownFileType = sourcecode.cpp.cpp; path = abc012.cpp; sourceTree = "<group>"; };
		9693D3C320C812C40032A948 /* abc013.cpp */ = {isa = PBXFileReference; lastKnownFileType = sourcecode.cpp.cpp; path = abc013.cpp; sourceTree = "<group>"; };
		9693D3C520C813710032A948 /* abc014.cpp */ = {isa = PBXFileReference; lastKnownFileType = sourcecode.cpp.cpp; path = abc014.cpp; sourceTree = "<group>"; };
		9693D3C720C815290032A948 /* abc015.cpp */ = {isa = PBXFileReference; lastKnownFileType = sourcecode.cpp.cpp; path = abc015.cpp; sourceTree = "<group>"; };
		9693D3C920C8164C0032A948 /* abc016.cpp */ = {isa = PBXFileReference; lastKnownFileType = sourcecode.cpp.cpp; path = abc016.cpp; sourceTree = "<group>"; };
		9693D3CB20C816900032A948 /* abc017.cpp */ = {isa = PBXFileReference; lastKnownFileType = sourcecode.cpp.cpp; path = abc017.cpp; sourceTree = "<group>"; };
		9693D3CD20C817260032A948 /* abc018.cpp */ = {isa = PBXFileReference; lastKnownFileType = sourcecode.cpp.cpp; path = abc018.cpp; sourceTree = "<group>"; };
		9693D3CF20C81AF50032A948 /* abc019.cpp */ = {isa = PBXFileReference; lastKnownFileType = sourcecode.cpp.cpp; path = abc019.cpp; sourceTree = "<group>"; };
		9693D3D120C81B5D0032A948 /* abc020.cpp */ = {isa = PBXFileReference; lastKnownFileType = sourcecode.cpp.cpp; path = abc020.cpp; sourceTree = "<group>"; };
		9693D3D320C81BC00032A948 /* abc021.cpp */ = {isa = PBXFileReference; lastKnownFileType = sourcecode.cpp.cpp; path = abc021.cpp; sourceTree = "<group>"; };
		9693D3D520C81C2D0032A948 /* abc022.cpp */ = {isa = PBXFileReference; lastKnownFileType = sourcecode.cpp.cpp; path = abc022.cpp; sourceTree = "<group>"; };
		9693D3D720C81D110032A948 /* abc023.cpp */ = {isa = PBXFileReference; lastKnownFileType = sourcecode.cpp.cpp; path = abc023.cpp; sourceTree = "<group>"; };
/* End PBXFileReference section */

/* Begin PBXFrameworksBuildPhase section */
		9693D39620C8050F0032A948 /* Frameworks */ = {
			isa = PBXFrameworksBuildPhase;
			buildActionMask = 2147483647;
			files = (
			);
			runOnlyForDeploymentPostprocessing = 0;
		};
/* End PBXFrameworksBuildPhase section */

/* Begin PBXGroup section */
		9693D39020C8050E0032A948 = {
			isa = PBXGroup;
			children = (
				9693D3A020C805E30032A948 /* src */,
			);
			sourceTree = "<group>";
		};
		9693D3A020C805E30032A948 /* src */ = {
			isa = PBXGroup;
			children = (
				9693D3AF20C80CC50032A948 /* abc003.cpp */,
				9693D3B120C80CD80032A948 /* abc004.cpp */,
				9693D3A920C80C460032A948 /* abc001.cpp */,
				9693D3B320C80D1D0032A948 /* abc005.cpp */,
				9693D3B520C80E200032A948 /* abc006.cpp */,
				9693D3B720C80ECF0032A948 /* abc007.cpp */,
				9693D3B920C80F490032A948 /* abc008.cpp */,
				9693D3BB20C80FB00032A948 /* abc009.cpp */,
				9693D3C920C8164C0032A948 /* abc016.cpp */,
				9693D3CB20C816900032A948 /* abc017.cpp */,
				9693D3CD20C817260032A948 /* abc018.cpp */,
				9693D3CF20C81AF50032A948 /* abc019.cpp */,
				9693D3BD20C810550032A948 /* abc010.cpp */,
				9693D3BF20C811050032A948 /* abc011.cpp */,
				9693D3C120C811A40032A948 /* abc012.cpp */,
				9693D3D120C81B5D0032A948 /* abc020.cpp */,
				9693D3D320C81BC00032A948 /* abc021.cpp */,
				9693D3D520C81C2D0032A948 /* abc022.cpp */,
				9693D3D720C81D110032A948 /* abc023.cpp */,
				9693D3AB20C80C6E0032A948 /* abc002.cpp */,
				9693D3C320C812C40032A948 /* abc013.cpp */,
				9693D3C720C815290032A948 /* abc015.cpp */,
				9693D3C520C813710032A948 /* abc014.cpp */,
				9693D3AD20C80C990032A948 /* template.cpp */,
			);
			path = src;
			sourceTree = "<group>";
		};
/* End PBXGroup section */

/* Begin PBXHeadersBuildPhase section */
		9693D39720C8050F0032A948 /* Headers */ = {
			isa = PBXHeadersBuildPhase;
			buildActionMask = 2147483647;
			files = (
			);
			runOnlyForDeploymentPostprocessing = 0;
		};
/* End PBXHeadersBuildPhase section */

/* Begin PBXNativeTarget section */
		9693D39820C8050F0032A948 /* atcoder */ = {
			isa = PBXNativeTarget;
			buildConfigurationList = 9693D39D20C8050F0032A948 /* Build configuration list for PBXNativeTarget "atcoder" */;
			buildPhases = (
				9693D39520C8050F0032A948 /* Sources */,
				9693D39620C8050F0032A948 /* Frameworks */,
				9693D39720C8050F0032A948 /* Headers */,
			);
			buildRules = (
			);
			dependencies = (
			);
			name = atcoder;
			productName = atcoder;
			productReference = 9693D39920C8050F0032A948 /* libatcoder.a */;
			productType = "com.apple.product-type.library.static";
		};
/* End PBXNativeTarget section */

/* Begin PBXProject section */
		9693D39120C8050E0032A948 /* Project object */ = {
			isa = PBXProject;
			attributes = {
				LastUpgradeCheck = 0910;
				ORGANIZATIONNAME = reishoku;
				TargetAttributes = {
					9693D39820C8050F0032A948 = {
						CreatedOnToolsVersion = 9.1;
						ProvisioningStyle = Automatic;
					};
				};
			};
			buildConfigurationList = 9693D39420C8050E0032A948 /* Build configuration list for PBXProject "atcoder" */;
			compatibilityVersion = "Xcode 8.0";
			developmentRegion = en;
			hasScannedForEncodings = 0;
			knownRegions = (
				en,
			);
			mainGroup = 9693D39020C8050E0032A948;
			productRefGroup = 9693D39020C8050E0032A948;
			projectDirPath = "";
			projectRoot = "";
			targets = (
				9693D39820C8050F0032A948 /* atcoder */,
			);
		};
/* End PBXProject section */

/* Begin PBXSourcesBuildPhase section */
		9693D39520C8050F0032A948 /* Sources */ = {
			isa = PBXSourcesBuildPhase;
			buildActionMask = 2147483647;
			files = (
				9693D3BA20C80F490032A948 /* abc008.cpp in Sources */,
				9693D3C220C811A40032A948 /* abc012.cpp in Sources */,
				9693D3B820C80ECF0032A948 /* abc007.cpp in Sources */,
				9693D3D020C81AF50032A948 /* abc019.cpp in Sources */,
				9693D3D220C81B5D0032A948 /* abc020.cpp in Sources */,
				9693D3B420C80D1D0032A948 /* abc005.cpp in Sources */,
				9693D3CA20C8164C0032A948 /* abc016.cpp in Sources */,
				9693D3B620C80E200032A948 /* abc006.cpp in Sources */,
				9693D3AE20C80C990032A948 /* template.cpp in Sources */,
				9693D3D620C81C2D0032A948 /* abc022.cpp in Sources */,
				9693D3CE20C817260032A948 /* abc018.cpp in Sources */,
				9693D3C820C815290032A948 /* abc015.cpp in Sources */,
				9693D3B020C80CC50032A948 /* abc003.cpp in Sources */,
				9693D3BE20C810550032A948 /* abc010.cpp in Sources */,
				9693D3C620C813710032A948 /* abc014.cpp in Sources */,
				9693D3D420C81BC00032A948 /* abc021.cpp in Sources */,
				9693D3CC20C816900032A948 /* abc017.cpp in Sources */,
				9693D3B220C80CD80032A948 /* abc004.cpp in Sources */,
				9693D3AA20C80C460032A948 /* abc001.cpp in Sources */,
				9693D3BC20C80FB00032A948 /* abc009.cpp in Sources */,
				9693D3AC20C80C6E0032A948 /* abc002.cpp in Sources */,
				9693D3C020C811050032A948 /* abc011.cpp in Sources */,
				9693D3D820C81D110032A948 /* abc023.cpp in Sources */,
				9693D3C420C812C40032A948 /* abc013.cpp in Sources */,
			);
			runOnlyForDeploymentPostprocessing = 0;
		};
/* End PBXSourcesBuildPhase section */

/* Begin XCBuildConfiguration section */
		9693D39B20C8050F0032A948 /* Debug */ = {
			isa = XCBuildConfiguration;
			buildSettings = {
				ALWAYS_SEARCH_USER_PATHS = NO;
				CLANG_ANALYZER_NONNULL = YES;
				CLANG_ANALYZER_NUMBER_OBJECT_CONVERSION = YES_AGGRESSIVE;
				CLANG_CXX_LANGUAGE_STANDARD = "gnu++14";
				CLANG_CXX_LIBRARY = "libc++";
				CLANG_ENABLE_MODULES = YES;
				CLANG_ENABLE_OBJC_ARC = YES;
				CLANG_WARN_BLOCK_CAPTURE_AUTORELEASING = YES;
				CLANG_WARN_BOOL_CONVERSION = YES;
				CLANG_WARN_COMMA = YES;
				CLANG_WARN_CONSTANT_CONVERSION = YES;
				CLANG_WARN_DIRECT_OBJC_ISA_USAGE = YES_ERROR;
				CLANG_WARN_DOCUMENTATION_COMMENTS = YES;
				CLANG_WARN_EMPTY_BODY = YES;
				CLANG_WARN_ENUM_CONVERSION = YES;
				CLANG_WARN_INFINITE_RECURSION = YES;
				CLANG_WARN_INT_CONVERSION = YES;
				CLANG_WARN_NON_LITERAL_NULL_CONVERSION = YES;
				CLANG_WARN_OBJC_LITERAL_CONVERSION = YES;
				CLANG_WARN_OBJC_ROOT_CLASS = YES_ERROR;
				CLANG_WARN_RANGE_LOOP_ANALYSIS = YES;
				CLANG_WARN_STRICT_PROTOTYPES = YES;
				CLANG_WARN_SUSPICIOUS_MOVE = YES;
				CLANG_WARN_UNGUARDED_AVAILABILITY = YES_AGGRESSIVE;
				CLANG_WARN_UNREACHABLE_CODE = YES;
				CLANG_WARN__DUPLICATE_METHOD_MATCH = YES;
				CODE_SIGN_IDENTITY = "Mac Developer";
				COPY_PHASE_STRIP = NO;
				DEBUG_INFORMATION_FORMAT = dwarf;
				ENABLE_STRICT_OBJC_MSGSEND = YES;
				ENABLE_TESTABILITY = YES;
				GCC_C_LANGUAGE_STANDARD = gnu11;
				GCC_DYNAMIC_NO_PIC = NO;
				GCC_NO_COMMON_BLOCKS = YES;
				GCC_OPTIMIZATION_LEVEL = 0;
				GCC_PREPROCESSOR_DEFINITIONS = (
					"DEBUG=1",
					"$(inherited)",
				);
				GCC_WARN_64_TO_32_BIT_CONVERSION = YES;
				GCC_WARN_ABOUT_RETURN_TYPE = YES_ERROR;
				GCC_WARN_UNDECLARED_SELECTOR = YES;
				GCC_WARN_UNINITIALIZED_AUTOS = YES_AGGRESSIVE;
				GCC_WARN_UNUSED_FUNCTION = YES;
				GCC_WARN_UNUSED_VARIABLE = YES;
				MACOSX_DEPLOYMENT_TARGET = 10.13;
				MTL_ENABLE_DEBUG_INFO = YES;
				ONLY_ACTIVE_ARCH = YES;
				SDKROOT = macosx;
			};
			name = Debug;
		};
		9693D39C20C8050F0032A948 /* Release */ = {
			isa = XCBuildConfiguration;
			buildSettings = {
				ALWAYS_SEARCH_USER_PATHS = NO;
				CLANG_ANALYZER_NONNULL = YES;
				CLANG_ANALYZER_NUMBER_OBJECT_CONVERSION = YES_AGGRESSIVE;
				CLANG_CXX_LANGUAGE_STANDARD = "gnu++14";
				CLANG_CXX_LIBRARY = "libc++";
				CLANG_ENABLE_MODULES = YES;
				CLANG_ENABLE_OBJC_ARC = YES;
				CLANG_WARN_BLOCK_CAPTURE_AUTORELEASING = YES;
				CLANG_WARN_BOOL_CONVERSION = YES;
				CLANG_WARN_COMMA = YES;
				CLANG_WARN_CONSTANT_CONVERSION = YES;
				CLANG_WARN_DIRECT_OBJC_ISA_USAGE = YES_ERROR;
				CLANG_WARN_DOCUMENTATION_COMMENTS = YES;
				CLANG_WARN_EMPTY_BODY = YES;
				CLANG_WARN_ENUM_CONVERSION = YES;
				CLANG_WARN_INFINITE_RECURSION = YES;
				CLANG_WARN_INT_CONVERSION = YES;
				CLANG_WARN_NON_LITERAL_NULL_CONVERSION = YES;
				CLANG_WARN_OBJC_LITERAL_CONVERSION = YES;
				CLANG_WARN_OBJC_ROOT_CLASS = YES_ERROR;
				CLANG_WARN_RANGE_LOOP_ANALYSIS = YES;
				CLANG_WARN_STRICT_PROTOTYPES = YES;
				CLANG_WARN_SUSPICIOUS_MOVE = YES;
				CLANG_WARN_UNGUARDED_AVAILABILITY = YES_AGGRESSIVE;
				CLANG_WARN_UNREACHABLE_CODE = YES;
				CLANG_WARN__DUPLICATE_METHOD_MATCH = YES;
				CODE_SIGN_IDENTITY = "Mac Developer";
				COPY_PHASE_STRIP = NO;
				DEBUG_INFORMATION_FORMAT = "dwarf-with-dsym";
				ENABLE_NS_ASSERTIONS = NO;
				ENABLE_STRICT_OBJC_MSGSEND = YES;
				GCC_C_LANGUAGE_STANDARD = gnu11;
				GCC_NO_COMMON_BLOCKS = YES;
				GCC_WARN_64_TO_32_BIT_CONVERSION = YES;
				GCC_WARN_ABOUT_RETURN_TYPE = YES_ERROR;
				GCC_WARN_UNDECLARED_SELECTOR = YES;
				GCC_WARN_UNINITIALIZED_AUTOS = YES_AGGRESSIVE;
				GCC_WARN_UNUSED_FUNCTION = YES;
				GCC_WARN_UNUSED_VARIABLE = YES;
				MACOSX_DEPLOYMENT_TARGET = 10.13;
				MTL_ENABLE_DEBUG_INFO = NO;
				SDKROOT = macosx;
			};
			name = Release;
		};
		9693D39E20C8050F0032A948 /* Debug */ = {
			isa = XCBuildConfiguration;
			buildSettings = {
				CODE_SIGN_STYLE = Automatic;
				DEVELOPMENT_TEAM = 7FGX3XEVQL;
				EXECUTABLE_PREFIX = lib;
				PRODUCT_NAME = "$(TARGET_NAME)";
			};
			name = Debug;
		};
		9693D39F20C8050F0032A948 /* Release */ = {
			isa = XCBuildConfiguration;
			buildSettings = {
				CODE_SIGN_STYLE = Automatic;
				DEVELOPMENT_TEAM = 7FGX3XEVQL;
				EXECUTABLE_PREFIX = lib;
				PRODUCT_NAME = "$(TARGET_NAME)";
			};
			name = Release;
		};
/* End XCBuildConfiguration section */

/* Begin XCConfigurationList section */
		9693D39420C8050E0032A948 /* Build configuration list for PBXProject "atcoder" */ = {
			isa = XCConfigurationList;
			buildConfigurations = (
				9693D39B20C8050F0032A948 /* Debug */,
				9693D39C20C8050F0032A948 /* Release */,
			);
			defaultConfigurationIsVisible = 0;
			defaultConfigurationName = Release;
		};
		9693D39D20C8050F0032A948 /* Build configuration list for PBXNativeTarget "atcoder" */ = {
			isa = XCConfigurationList;
			buildConfigurations = (
				9693D39E20C8050F0032A948 /* Debug */,
				9693D39F20C8050F0032A948 /* Release */,
			);
			defaultConfigurationIsVisible = 0;
			defaultConfigurationName = Release;
		};
/* End XCConfigurationList section */
	};
	rootObject = 9693D39120C8050E0032A948 /* Project object */;
}
