// !$*UTF8*$!
{
	archiveVersion = 1;
	classes = {
	};
	objectVersion = 48;
	objects = {

/* Begin PBXBuildFile section */
		966E725420C8996F00B28543 /* abc031.cpp in Sources */ = {isa = PBXBuildFile; fileRef = 966E725320C8996F00B28543 /* abc031.cpp */; };
		966E725620C89A7600B28543 /* abc032.cpp in Sources */ = {isa = PBXBuildFile; fileRef = 966E725520C89A7600B28543 /* abc032.cpp */; };
		966E725820C89C8B00B28543 /* abc033.cpp in Sources */ = {isa = PBXBuildFile; fileRef = 966E725720C89C8B00B28543 /* abc033.cpp */; };
		966E725A20C89DFE00B28543 /* abc034.cpp in Sources */ = {isa = PBXBuildFile; fileRef = 966E725920C89DFE00B28543 /* abc034.cpp */; };
		966E725C20C89E8000B28543 /* abc035.cpp in Sources */ = {isa = PBXBuildFile; fileRef = 966E725B20C89E8000B28543 /* abc035.cpp */; };
		966E725E20C8A0A200B28543 /* abc036.cpp in Sources */ = {isa = PBXBuildFile; fileRef = 966E725D20C8A0A200B28543 /* abc036.cpp */; };
		966E726020C8A12C00B28543 /* abc037.cpp in Sources */ = {isa = PBXBuildFile; fileRef = 966E725F20C8A12C00B28543 /* abc037.cpp */; };
		966E726220C8A1AD00B28543 /* abc038.cpp in Sources */ = {isa = PBXBuildFile; fileRef = 966E726120C8A1AD00B28543 /* abc038.cpp */; };
		966E726420C8A4F100B28543 /* abc039.cpp in Sources */ = {isa = PBXBuildFile; fileRef = 966E726320C8A4F100B28543 /* abc039.cpp */; };
		966E726620C8A55700B28543 /* abc040.cpp in Sources */ = {isa = PBXBuildFile; fileRef = 966E726520C8A55700B28543 /* abc040.cpp */; };
		966E727120C8A71300B28543 /* abc042.cpp in Sources */ = {isa = PBXBuildFile; fileRef = 966E726720C8A71200B28543 /* abc042.cpp */; };
		966E727220C8A71300B28543 /* abc045.cpp in Sources */ = {isa = PBXBuildFile; fileRef = 966E726820C8A71200B28543 /* abc045.cpp */; };
		966E727320C8A71300B28543 /* abc046.cpp in Sources */ = {isa = PBXBuildFile; fileRef = 966E726920C8A71200B28543 /* abc046.cpp */; };
		966E727420C8A71300B28543 /* abc041.cpp in Sources */ = {isa = PBXBuildFile; fileRef = 966E726A20C8A71200B28543 /* abc041.cpp */; };
		966E727520C8A71300B28543 /* abc044.cpp in Sources */ = {isa = PBXBuildFile; fileRef = 966E726B20C8A71200B28543 /* abc044.cpp */; };
		966E727620C8A71300B28543 /* abc049.cpp in Sources */ = {isa = PBXBuildFile; fileRef = 966E726C20C8A71200B28543 /* abc049.cpp */; };
		966E727720C8A71300B28543 /* abc050.cpp in Sources */ = {isa = PBXBuildFile; fileRef = 966E726D20C8A71300B28543 /* abc050.cpp */; };
		966E727820C8A71300B28543 /* abc047.cpp in Sources */ = {isa = PBXBuildFile; fileRef = 966E726E20C8A71300B28543 /* abc047.cpp */; };
		966E727920C8A71300B28543 /* abc043.cpp in Sources */ = {isa = PBXBuildFile; fileRef = 966E726F20C8A71300B28543 /* abc043.cpp */; };
		966E727A20C8A71300B28543 /* abc048.cpp in Sources */ = {isa = PBXBuildFile; fileRef = 966E727020C8A71300B28543 /* abc048.cpp */; };
		966E728520C8ACE500B28543 /* abc055.cpp in Sources */ = {isa = PBXBuildFile; fileRef = 966E727B20C8ACE300B28543 /* abc055.cpp */; };
		966E728620C8ACE500B28543 /* abc051.cpp in Sources */ = {isa = PBXBuildFile; fileRef = 966E727C20C8ACE300B28543 /* abc051.cpp */; };
		966E728720C8ACE500B28543 /* abc053.cpp in Sources */ = {isa = PBXBuildFile; fileRef = 966E727D20C8ACE400B28543 /* abc053.cpp */; };
		966E728820C8ACE500B28543 /* abc054.cpp in Sources */ = {isa = PBXBuildFile; fileRef = 966E727E20C8ACE400B28543 /* abc054.cpp */; };
		966E728920C8ACE500B28543 /* abc052.cpp in Sources */ = {isa = PBXBuildFile; fileRef = 966E727F20C8ACE400B28543 /* abc052.cpp */; };
		966E728A20C8ACE500B28543 /* abc057.cpp in Sources */ = {isa = PBXBuildFile; fileRef = 966E728020C8ACE400B28543 /* abc057.cpp */; };
		966E728B20C8ACE500B28543 /* abc056.cpp in Sources */ = {isa = PBXBuildFile; fileRef = 966E728120C8ACE400B28543 /* abc056.cpp */; };
		966E728C20C8ACE500B28543 /* abc058.cpp in Sources */ = {isa = PBXBuildFile; fileRef = 966E728220C8ACE400B28543 /* abc058.cpp */; };
		966E728D20C8ACE500B28543 /* abc060.cpp in Sources */ = {isa = PBXBuildFile; fileRef = 966E728320C8ACE400B28543 /* abc060.cpp */; };
		966E728E20C8ACE500B28543 /* abc059.cpp in Sources */ = {isa = PBXBuildFile; fileRef = 966E728420C8ACE500B28543 /* abc059.cpp */; };
		966E729920C8B30900B28543 /* abc068.cpp in Sources */ = {isa = PBXBuildFile; fileRef = 966E728F20C8B30700B28543 /* abc068.cpp */; };
		966E729A20C8B30900B28543 /* abc064.cpp in Sources */ = {isa = PBXBuildFile; fileRef = 966E729020C8B30800B28543 /* abc064.cpp */; };
		966E729B20C8B30900B28543 /* abc063.cpp in Sources */ = {isa = PBXBuildFile; fileRef = 966E729120C8B30800B28543 /* abc063.cpp */; };
		966E729C20C8B30900B28543 /* abc069.cpp in Sources */ = {isa = PBXBuildFile; fileRef = 966E729220C8B30800B28543 /* abc069.cpp */; };
		966E729D20C8B30900B28543 /* abc065.cpp in Sources */ = {isa = PBXBuildFile; fileRef = 966E729320C8B30800B28543 /* abc065.cpp */; };
		966E729E20C8B30900B28543 /* abc070.cpp in Sources */ = {isa = PBXBuildFile; fileRef = 966E729420C8B30800B28543 /* abc070.cpp */; };
		966E729F20C8B30900B28543 /* abc067.cpp in Sources */ = {isa = PBXBuildFile; fileRef = 966E729520C8B30800B28543 /* abc067.cpp */; };
		966E72A020C8B30900B28543 /* abc061.cpp in Sources */ = {isa = PBXBuildFile; fileRef = 966E729620C8B30800B28543 /* abc061.cpp */; };
		966E72A120C8B30900B28543 /* abc062.cpp in Sources */ = {isa = PBXBuildFile; fileRef = 966E729720C8B30900B28543 /* abc062.cpp */; };
		966E72A220C8B30900B28543 /* abc066.cpp in Sources */ = {isa = PBXBuildFile; fileRef = 966E729820C8B30900B28543 /* abc066.cpp */; };
		966E72AD20C8CB6100B28543 /* abc080.cpp in Sources */ = {isa = PBXBuildFile; fileRef = 966E72A320C8CB5F00B28543 /* abc080.cpp */; };
		966E72AE20C8CB6100B28543 /* abc071.cpp in Sources */ = {isa = PBXBuildFile; fileRef = 966E72A420C8CB5F00B28543 /* abc071.cpp */; };
		966E72AF20C8CB6100B28543 /* abc076.cpp in Sources */ = {isa = PBXBuildFile; fileRef = 966E72A520C8CB6000B28543 /* abc076.cpp */; };
		966E72B020C8CB6100B28543 /* abc072.cpp in Sources */ = {isa = PBXBuildFile; fileRef = 966E72A620C8CB6000B28543 /* abc072.cpp */; };
		966E72B120C8CB6100B28543 /* abc074.cpp in Sources */ = {isa = PBXBuildFile; fileRef = 966E72A720C8CB6000B28543 /* abc074.cpp */; };
		966E72B220C8CB6100B28543 /* abc075.cpp in Sources */ = {isa = PBXBuildFile; fileRef = 966E72A820C8CB6000B28543 /* abc075.cpp */; };
		966E72B320C8CB6100B28543 /* abc073.cpp in Sources */ = {isa = PBXBuildFile; fileRef = 966E72A920C8CB6000B28543 /* abc073.cpp */; };
		966E72B420C8CB6100B28543 /* abc078.cpp in Sources */ = {isa = PBXBuildFile; fileRef = 966E72AA20C8CB6000B28543 /* abc078.cpp */; };
		966E72B520C8CB6100B28543 /* abc079.cpp in Sources */ = {isa = PBXBuildFile; fileRef = 966E72AB20C8CB6000B28543 /* abc079.cpp */; };
		966E72B620C8CB6100B28543 /* abc077.cpp in Sources */ = {isa = PBXBuildFile; fileRef = 966E72AC20C8CB6100B28543 /* abc077.cpp */; };
		966E72C920C8D0E800B28543 /* abc091.cpp in Sources */ = {isa = PBXBuildFile; fileRef = 966E72B720C8D0E500B28543 /* abc091.cpp */; };
		966E72CA20C8D0E800B28543 /* abc097.cpp in Sources */ = {isa = PBXBuildFile; fileRef = 966E72B820C8D0E500B28543 /* abc097.cpp */; };
		966E72CB20C8D0E800B28543 /* abc082.cpp in Sources */ = {isa = PBXBuildFile; fileRef = 966E72B920C8D0E500B28543 /* abc082.cpp */; };
		966E72CC20C8D0E800B28543 /* abc085.cpp in Sources */ = {isa = PBXBuildFile; fileRef = 966E72BA20C8D0E500B28543 /* abc085.cpp */; };
		966E72CE20C8D0E800B28543 /* abc083.cpp in Sources */ = {isa = PBXBuildFile; fileRef = 966E72BC20C8D0E600B28543 /* abc083.cpp */; };
		966E72CF20C8D0E800B28543 /* abc088.cpp in Sources */ = {isa = PBXBuildFile; fileRef = 966E72BD20C8D0E600B28543 /* abc088.cpp */; };
		966E72D020C8D0E800B28543 /* abc092.cpp in Sources */ = {isa = PBXBuildFile; fileRef = 966E72BE20C8D0E600B28543 /* abc092.cpp */; };
		966E72D120C8D0E800B28543 /* abc093.cpp in Sources */ = {isa = PBXBuildFile; fileRef = 966E72BF20C8D0E600B28543 /* abc093.cpp */; };
		966E72D220C8D0E800B28543 /* abc087.cpp in Sources */ = {isa = PBXBuildFile; fileRef = 966E72C020C8D0E600B28543 /* abc087.cpp */; };
		966E72D320C8D0E800B28543 /* abc095.cpp in Sources */ = {isa = PBXBuildFile; fileRef = 966E72C120C8D0E600B28543 /* abc095.cpp */; };
		966E72D420C8D0E800B28543 /* abc089.cpp in Sources */ = {isa = PBXBuildFile; fileRef = 966E72C220C8D0E700B28543 /* abc089.cpp */; };
		966E72D520C8D0E800B28543 /* abc096.cpp in Sources */ = {isa = PBXBuildFile; fileRef = 966E72C320C8D0E700B28543 /* abc096.cpp */; };
		966E72D620C8D0E800B28543 /* abc090.cpp in Sources */ = {isa = PBXBuildFile; fileRef = 966E72C420C8D0E700B28543 /* abc090.cpp */; };
		966E72D720C8D0E800B28543 /* abc084.cpp in Sources */ = {isa = PBXBuildFile; fileRef = 966E72C520C8D0E700B28543 /* abc084.cpp */; };
		966E72D920C8D0E800B28543 /* abc086.cpp in Sources */ = {isa = PBXBuildFile; fileRef = 966E72C720C8D0E700B28543 /* abc086.cpp */; };
		966E72DA20C8D0E800B28543 /* abc081.cpp in Sources */ = {isa = PBXBuildFile; fileRef = 966E72C820C8D0E700B28543 /* abc081.cpp */; };
		9693D3AA20C80C460032A948 /* abc001.cpp in Sources */ = {isa = PBXBuildFile; fileRef = 9693D3A920C80C460032A948 /* abc001.cpp */; };
		9693D3AC20C80C6E0032A948 /* abc002.cpp in Sources */ = {isa = PBXBuildFile; fileRef = 9693D3AB20C80C6E0032A948 /* abc002.cpp */; };
		9693D3AE20C80C990032A948 /* template.cpp in Sources */ = {isa = PBXBuildFile; fileRef = 9693D3AD20C80C990032A948 /* template.cpp */; };
		9693D3B020C80CC50032A948 /* abc003.cpp in Sources */ = {isa = PBXBuildFile; fileRef = 9693D3AF20C80CC50032A948 /* abc003.cpp */; };
		9693D3B220C80CD80032A948 /* abc004.cpp in Sources */ = {isa = PBXBuildFile; fileRef = 9693D3B120C80CD80032A948 /* abc004.cpp */; };
		9693D3B420C80D1D0032A948 /* abc005.cpp in Sources */ = {isa = PBXBuildFile; fileRef = 9693D3B320C80D1D0032A948 /* abc005.cpp */; };
		9693D3B620C80E200032A948 /* abc006.cpp in Sources */ = {isa = PBXBuildFile; fileRef = 9693D3B520C80E200032A948 /* abc006.cpp */; };
		9693D3B820C80ECF0032A948 /* abc007.cpp in Sources */ = {isa = PBXBuildFile; fileRef = 9693D3B720C80ECF0032A948 /* abc007.cpp */; };
		9693D3BA20C80F490032A948 /* abc008.cpp in Sources */ = {isa = PBXBuildFile; fileRef = 9693D3B920C80F490032A948 /* abc008.cpp */; };
		9693D3BC20C80FB00032A948 /* abc009.cpp in Sources */ = {isa = PBXBuildFile; fileRef = 9693D3BB20C80FB00032A948 /* abc009.cpp */; };
		9693D3BE20C810550032A948 /* abc010.cpp in Sources */ = {isa = PBXBuildFile; fileRef = 9693D3BD20C810550032A948 /* abc010.cpp */; };
		9693D3C020C811050032A948 /* abc011.cpp in Sources */ = {isa = PBXBuildFile; fileRef = 9693D3BF20C811050032A948 /* abc011.cpp */; };
		9693D3C220C811A40032A948 /* abc012.cpp in Sources */ = {isa = PBXBuildFile; fileRef = 9693D3C120C811A40032A948 /* abc012.cpp */; };
		9693D3C420C812C40032A948 /* abc013.cpp in Sources */ = {isa = PBXBuildFile; fileRef = 9693D3C320C812C40032A948 /* abc013.cpp */; };
		9693D3C620C813710032A948 /* abc014.cpp in Sources */ = {isa = PBXBuildFile; fileRef = 9693D3C520C813710032A948 /* abc014.cpp */; };
		9693D3C820C815290032A948 /* abc015.cpp in Sources */ = {isa = PBXBuildFile; fileRef = 9693D3C720C815290032A948 /* abc015.cpp */; };
		9693D3CA20C8164C0032A948 /* abc016.cpp in Sources */ = {isa = PBXBuildFile; fileRef = 9693D3C920C8164C0032A948 /* abc016.cpp */; };
		9693D3CC20C816900032A948 /* abc017.cpp in Sources */ = {isa = PBXBuildFile; fileRef = 9693D3CB20C816900032A948 /* abc017.cpp */; };
		9693D3CE20C817260032A948 /* abc018.cpp in Sources */ = {isa = PBXBuildFile; fileRef = 9693D3CD20C817260032A948 /* abc018.cpp */; };
		9693D3D020C81AF50032A948 /* abc019.cpp in Sources */ = {isa = PBXBuildFile; fileRef = 9693D3CF20C81AF50032A948 /* abc019.cpp */; };
		9693D3D220C81B5D0032A948 /* abc020.cpp in Sources */ = {isa = PBXBuildFile; fileRef = 9693D3D120C81B5D0032A948 /* abc020.cpp */; };
		9693D3D420C81BC00032A948 /* abc021.cpp in Sources */ = {isa = PBXBuildFile; fileRef = 9693D3D320C81BC00032A948 /* abc021.cpp */; };
		9693D3D620C81C2D0032A948 /* abc022.cpp in Sources */ = {isa = PBXBuildFile; fileRef = 9693D3D520C81C2D0032A948 /* abc022.cpp */; };
		9693D3D820C81D110032A948 /* abc023.cpp in Sources */ = {isa = PBXBuildFile; fileRef = 9693D3D720C81D110032A948 /* abc023.cpp */; };
		9693D3DA20C81D670032A948 /* abc024.cpp in Sources */ = {isa = PBXBuildFile; fileRef = 9693D3D920C81D670032A948 /* abc024.cpp */; };
		9693D3DC20C81E5B0032A948 /* abc025.cpp in Sources */ = {isa = PBXBuildFile; fileRef = 9693D3DB20C81E5B0032A948 /* abc025.cpp */; };
		9693D3DE20C81EF30032A948 /* abc026.cpp in Sources */ = {isa = PBXBuildFile; fileRef = 9693D3DD20C81EF30032A948 /* abc026.cpp */; };
		9693D3E020C81FC40032A948 /* abc027.cpp in Sources */ = {isa = PBXBuildFile; fileRef = 9693D3DF20C81FC40032A948 /* abc027.cpp */; };
		9693D3E220C820310032A948 /* abc028.cpp in Sources */ = {isa = PBXBuildFile; fileRef = 9693D3E120C820310032A948 /* abc028.cpp */; };
		9693D3E420C820EE0032A948 /* abc029.cpp in Sources */ = {isa = PBXBuildFile; fileRef = 9693D3E320C820EE0032A948 /* abc029.cpp */; };
		9693D3E620C8211A0032A948 /* abc030.cpp in Sources */ = {isa = PBXBuildFile; fileRef = 9693D3E520C8211A0032A948 /* abc030.cpp */; };
		96B6849920C8FA4000137407 /* abc094.cpp in Sources */ = {isa = PBXBuildFile; fileRef = 96B6849820C8FA4000137407 /* abc094.cpp */; };
		96B684A120C8FA8F00137407 /* abc098.cpp in Sources */ = {isa = PBXBuildFile; fileRef = 96B684A020C8FA8F00137407 /* abc098.cpp */; };
/* End PBXBuildFile section */

/* Begin PBXFileReference section */
		966E725220C898FC00B28543 /* libatcoder.a */ = {isa = PBXFileReference; explicitFileType = archive.ar; includeInIndex = 0; name = libatcoder.a; path = /Developer/dev/atcoder/build/Debug/libatcoder.a; sourceTree = "<absolute>"; };
		966E725320C8996F00B28543 /* abc031.cpp */ = {isa = PBXFileReference; lastKnownFileType = sourcecode.cpp.cpp; path = abc031.cpp; sourceTree = "<group>"; };
		966E725520C89A7600B28543 /* abc032.cpp */ = {isa = PBXFileReference; lastKnownFileType = sourcecode.cpp.cpp; path = abc032.cpp; sourceTree = "<group>"; };
		966E725720C89C8B00B28543 /* abc033.cpp */ = {isa = PBXFileReference; lastKnownFileType = sourcecode.cpp.cpp; path = abc033.cpp; sourceTree = "<group>"; };
		966E725920C89DFE00B28543 /* abc034.cpp */ = {isa = PBXFileReference; lastKnownFileType = sourcecode.cpp.cpp; path = abc034.cpp; sourceTree = "<group>"; };
		966E725B20C89E8000B28543 /* abc035.cpp */ = {isa = PBXFileReference; lastKnownFileType = sourcecode.cpp.cpp; path = abc035.cpp; sourceTree = "<group>"; };
		966E725D20C8A0A200B28543 /* abc036.cpp */ = {isa = PBXFileReference; lastKnownFileType = sourcecode.cpp.cpp; path = abc036.cpp; sourceTree = "<group>"; };
		966E725F20C8A12C00B28543 /* abc037.cpp */ = {isa = PBXFileReference; lastKnownFileType = sourcecode.cpp.cpp; path = abc037.cpp; sourceTree = "<group>"; };
		966E726120C8A1AD00B28543 /* abc038.cpp */ = {isa = PBXFileReference; lastKnownFileType = sourcecode.cpp.cpp; path = abc038.cpp; sourceTree = "<group>"; };
		966E726320C8A4F100B28543 /* abc039.cpp */ = {isa = PBXFileReference; lastKnownFileType = sourcecode.cpp.cpp; path = abc039.cpp; sourceTree = "<group>"; };
		966E726520C8A55700B28543 /* abc040.cpp */ = {isa = PBXFileReference; lastKnownFileType = sourcecode.cpp.cpp; path = abc040.cpp; sourceTree = "<group>"; };
		966E726720C8A71200B28543 /* abc042.cpp */ = {isa = PBXFileReference; fileEncoding = 4; lastKnownFileType = sourcecode.cpp.cpp; path = abc042.cpp; sourceTree = "<group>"; };
		966E726820C8A71200B28543 /* abc045.cpp */ = {isa = PBXFileReference; fileEncoding = 4; lastKnownFileType = sourcecode.cpp.cpp; path = abc045.cpp; sourceTree = "<group>"; };
		966E726920C8A71200B28543 /* abc046.cpp */ = {isa = PBXFileReference; fileEncoding = 4; lastKnownFileType = sourcecode.cpp.cpp; path = abc046.cpp; sourceTree = "<group>"; };
		966E726A20C8A71200B28543 /* abc041.cpp */ = {isa = PBXFileReference; fileEncoding = 4; lastKnownFileType = sourcecode.cpp.cpp; path = abc041.cpp; sourceTree = "<group>"; };
		966E726B20C8A71200B28543 /* abc044.cpp */ = {isa = PBXFileReference; fileEncoding = 4; lastKnownFileType = sourcecode.cpp.cpp; path = abc044.cpp; sourceTree = "<group>"; };
		966E726C20C8A71200B28543 /* abc049.cpp */ = {isa = PBXFileReference; fileEncoding = 4; lastKnownFileType = sourcecode.cpp.cpp; path = abc049.cpp; sourceTree = "<group>"; };
		966E726D20C8A71300B28543 /* abc050.cpp */ = {isa = PBXFileReference; fileEncoding = 4; lastKnownFileType = sourcecode.cpp.cpp; path = abc050.cpp; sourceTree = "<group>"; };
		966E726E20C8A71300B28543 /* abc047.cpp */ = {isa = PBXFileReference; fileEncoding = 4; lastKnownFileType = sourcecode.cpp.cpp; path = abc047.cpp; sourceTree = "<group>"; };
		966E726F20C8A71300B28543 /* abc043.cpp */ = {isa = PBXFileReference; fileEncoding = 4; lastKnownFileType = sourcecode.cpp.cpp; path = abc043.cpp; sourceTree = "<group>"; };
		966E727020C8A71300B28543 /* abc048.cpp */ = {isa = PBXFileReference; fileEncoding = 4; lastKnownFileType = sourcecode.cpp.cpp; path = abc048.cpp; sourceTree = "<group>"; };
		966E727B20C8ACE300B28543 /* abc055.cpp */ = {isa = PBXFileReference; fileEncoding = 4; lastKnownFileType = sourcecode.cpp.cpp; path = abc055.cpp; sourceTree = "<group>"; };
		966E727C20C8ACE300B28543 /* abc051.cpp */ = {isa = PBXFileReference; fileEncoding = 4; lastKnownFileType = sourcecode.cpp.cpp; path = abc051.cpp; sourceTree = "<group>"; };
		966E727D20C8ACE400B28543 /* abc053.cpp */ = {isa = PBXFileReference; fileEncoding = 4; lastKnownFileType = sourcecode.cpp.cpp; path = abc053.cpp; sourceTree = "<group>"; };
		966E727E20C8ACE400B28543 /* abc054.cpp */ = {isa = PBXFileReference; fileEncoding = 4; lastKnownFileType = sourcecode.cpp.cpp; path = abc054.cpp; sourceTree = "<group>"; };
		966E727F20C8ACE400B28543 /* abc052.cpp */ = {isa = PBXFileReference; fileEncoding = 4; lastKnownFileType = sourcecode.cpp.cpp; path = abc052.cpp; sourceTree = "<group>"; };
		966E728020C8ACE400B28543 /* abc057.cpp */ = {isa = PBXFileReference; fileEncoding = 4; lastKnownFileType = sourcecode.cpp.cpp; path = abc057.cpp; sourceTree = "<group>"; };
		966E728120C8ACE400B28543 /* abc056.cpp */ = {isa = PBXFileReference; fileEncoding = 4; lastKnownFileType = sourcecode.cpp.cpp; path = abc056.cpp; sourceTree = "<group>"; };
		966E728220C8ACE400B28543 /* abc058.cpp */ = {isa = PBXFileReference; fileEncoding = 4; lastKnownFileType = sourcecode.cpp.cpp; path = abc058.cpp; sourceTree = "<group>"; };
		966E728320C8ACE400B28543 /* abc060.cpp */ = {isa = PBXFileReference; fileEncoding = 4; lastKnownFileType = sourcecode.cpp.cpp; path = abc060.cpp; sourceTree = "<group>"; };
		966E728420C8ACE500B28543 /* abc059.cpp */ = {isa = PBXFileReference; fileEncoding = 4; lastKnownFileType = sourcecode.cpp.cpp; path = abc059.cpp; sourceTree = "<group>"; };
		966E728F20C8B30700B28543 /* abc068.cpp */ = {isa = PBXFileReference; fileEncoding = 4; lastKnownFileType = sourcecode.cpp.cpp; path = abc068.cpp; sourceTree = "<group>"; };
		966E729020C8B30800B28543 /* abc064.cpp */ = {isa = PBXFileReference; fileEncoding = 4; lastKnownFileType = sourcecode.cpp.cpp; path = abc064.cpp; sourceTree = "<group>"; };
		966E729120C8B30800B28543 /* abc063.cpp */ = {isa = PBXFileReference; fileEncoding = 4; lastKnownFileType = sourcecode.cpp.cpp; path = abc063.cpp; sourceTree = "<group>"; };
		966E729220C8B30800B28543 /* abc069.cpp */ = {isa = PBXFileReference; fileEncoding = 4; lastKnownFileType = sourcecode.cpp.cpp; path = abc069.cpp; sourceTree = "<group>"; };
		966E729320C8B30800B28543 /* abc065.cpp */ = {isa = PBXFileReference; fileEncoding = 4; lastKnownFileType = sourcecode.cpp.cpp; path = abc065.cpp; sourceTree = "<group>"; };
		966E729420C8B30800B28543 /* abc070.cpp */ = {isa = PBXFileReference; fileEncoding = 4; lastKnownFileType = sourcecode.cpp.cpp; path = abc070.cpp; sourceTree = "<group>"; };
		966E729520C8B30800B28543 /* abc067.cpp */ = {isa = PBXFileReference; fileEncoding = 4; lastKnownFileType = sourcecode.cpp.cpp; path = abc067.cpp; sourceTree = "<group>"; };
		966E729620C8B30800B28543 /* abc061.cpp */ = {isa = PBXFileReference; fileEncoding = 4; lastKnownFileType = sourcecode.cpp.cpp; path = abc061.cpp; sourceTree = "<group>"; };
		966E729720C8B30900B28543 /* abc062.cpp */ = {isa = PBXFileReference; fileEncoding = 4; lastKnownFileType = sourcecode.cpp.cpp; path = abc062.cpp; sourceTree = "<group>"; };
		966E729820C8B30900B28543 /* abc066.cpp */ = {isa = PBXFileReference; fileEncoding = 4; lastKnownFileType = sourcecode.cpp.cpp; path = abc066.cpp; sourceTree = "<group>"; };
		966E72A320C8CB5F00B28543 /* abc080.cpp */ = {isa = PBXFileReference; fileEncoding = 4; lastKnownFileType = sourcecode.cpp.cpp; path = abc080.cpp; sourceTree = "<group>"; };
		966E72A420C8CB5F00B28543 /* abc071.cpp */ = {isa = PBXFileReference; fileEncoding = 4; lastKnownFileType = sourcecode.cpp.cpp; path = abc071.cpp; sourceTree = "<group>"; };
		966E72A520C8CB6000B28543 /* abc076.cpp */ = {isa = PBXFileReference; fileEncoding = 4; lastKnownFileType = sourcecode.cpp.cpp; path = abc076.cpp; sourceTree = "<group>"; };
		966E72A620C8CB6000B28543 /* abc072.cpp */ = {isa = PBXFileReference; fileEncoding = 4; lastKnownFileType = sourcecode.cpp.cpp; path = abc072.cpp; sourceTree = "<group>"; };
		966E72A720C8CB6000B28543 /* abc074.cpp */ = {isa = PBXFileReference; fileEncoding = 4; lastKnownFileType = sourcecode.cpp.cpp; path = abc074.cpp; sourceTree = "<group>"; };
		966E72A820C8CB6000B28543 /* abc075.cpp */ = {isa = PBXFileReference; fileEncoding = 4; lastKnownFileType = sourcecode.cpp.cpp; path = abc075.cpp; sourceTree = "<group>"; };
		966E72A920C8CB6000B28543 /* abc073.cpp */ = {isa = PBXFileReference; fileEncoding = 4; lastKnownFileType = sourcecode.cpp.cpp; path = abc073.cpp; sourceTree = "<group>"; };
		966E72AA20C8CB6000B28543 /* abc078.cpp */ = {isa = PBXFileReference; fileEncoding = 4; lastKnownFileType = sourcecode.cpp.cpp; path = abc078.cpp; sourceTree = "<group>"; };
		966E72AB20C8CB6000B28543 /* abc079.cpp */ = {isa = PBXFileReference; fileEncoding = 4; lastKnownFileType = sourcecode.cpp.cpp; path = abc079.cpp; sourceTree = "<group>"; };
		966E72AC20C8CB6100B28543 /* abc077.cpp */ = {isa = PBXFileReference; fileEncoding = 4; lastKnownFileType = sourcecode.cpp.cpp; path = abc077.cpp; sourceTree = "<group>"; };
		966E72B720C8D0E500B28543 /* abc091.cpp */ = {isa = PBXFileReference; fileEncoding = 4; lastKnownFileType = sourcecode.cpp.cpp; path = abc091.cpp; sourceTree = "<group>"; };
		966E72B820C8D0E500B28543 /* abc097.cpp */ = {isa = PBXFileReference; fileEncoding = 4; lastKnownFileType = sourcecode.cpp.cpp; path = abc097.cpp; sourceTree = "<group>"; };
		966E72B920C8D0E500B28543 /* abc082.cpp */ = {isa = PBXFileReference; fileEncoding = 4; lastKnownFileType = sourcecode.cpp.cpp; path = abc082.cpp; sourceTree = "<group>"; };
		966E72BA20C8D0E500B28543 /* abc085.cpp */ = {isa = PBXFileReference; fileEncoding = 4; lastKnownFileType = sourcecode.cpp.cpp; path = abc085.cpp; sourceTree = "<group>"; };
		966E72BC20C8D0E600B28543 /* abc083.cpp */ = {isa = PBXFileReference; fileEncoding = 4; lastKnownFileType = sourcecode.cpp.cpp; path = abc083.cpp; sourceTree = "<group>"; };
		966E72BD20C8D0E600B28543 /* abc088.cpp */ = {isa = PBXFileReference; fileEncoding = 4; lastKnownFileType = sourcecode.cpp.cpp; path = abc088.cpp; sourceTree = "<group>"; };
		966E72BE20C8D0E600B28543 /* abc092.cpp */ = {isa = PBXFileReference; fileEncoding = 4; lastKnownFileType = sourcecode.cpp.cpp; path = abc092.cpp; sourceTree = "<group>"; };
		966E72BF20C8D0E600B28543 /* abc093.cpp */ = {isa = PBXFileReference; fileEncoding = 4; lastKnownFileType = sourcecode.cpp.cpp; path = abc093.cpp; sourceTree = "<group>"; };
		966E72C020C8D0E600B28543 /* abc087.cpp */ = {isa = PBXFileReference; fileEncoding = 4; lastKnownFileType = sourcecode.cpp.cpp; path = abc087.cpp; sourceTree = "<group>"; };
		966E72C120C8D0E600B28543 /* abc095.cpp */ = {isa = PBXFileReference; fileEncoding = 4; lastKnownFileType = sourcecode.cpp.cpp; path = abc095.cpp; sourceTree = "<group>"; };
		966E72C220C8D0E700B28543 /* abc089.cpp */ = {isa = PBXFileReference; fileEncoding = 4; lastKnownFileType = sourcecode.cpp.cpp; path = abc089.cpp; sourceTree = "<group>"; };
		966E72C320C8D0E700B28543 /* abc096.cpp */ = {isa = PBXFileReference; fileEncoding = 4; lastKnownFileType = sourcecode.cpp.cpp; path = abc096.cpp; sourceTree = "<group>"; };
		966E72C420C8D0E700B28543 /* abc090.cpp */ = {isa = PBXFileReference; fileEncoding = 4; lastKnownFileType = sourcecode.cpp.cpp; path = abc090.cpp; sourceTree = "<group>"; };
		966E72C520C8D0E700B28543 /* abc084.cpp */ = {isa = PBXFileReference; fileEncoding = 4; lastKnownFileType = sourcecode.cpp.cpp; path = abc084.cpp; sourceTree = "<group>"; };
		966E72C720C8D0E700B28543 /* abc086.cpp */ = {isa = PBXFileReference; fileEncoding = 4; lastKnownFileType = sourcecode.cpp.cpp; path = abc086.cpp; sourceTree = "<group>"; };
		966E72C820C8D0E700B28543 /* abc081.cpp */ = {isa = PBXFileReference; fileEncoding = 4; lastKnownFileType = sourcecode.cpp.cpp; path = abc081.cpp; sourceTree = "<group>"; };
		9693D3A920C80C460032A948 /* abc001.cpp */ = {isa = PBXFileReference; lastKnownFileType = sourcecode.cpp.cpp; path = abc001.cpp; sourceTree = "<group>"; };
		9693D3AB20C80C6E0032A948 /* abc002.cpp */ = {isa = PBXFileReference; lastKnownFileType = sourcecode.cpp.cpp; path = abc002.cpp; sourceTree = "<group>"; };
		9693D3AD20C80C990032A948 /* template.cpp */ = {isa = PBXFileReference; lastKnownFileType = sourcecode.cpp.cpp; path = template.cpp; sourceTree = "<group>"; };
		9693D3AF20C80CC50032A948 /* abc003.cpp */ = {isa = PBXFileReference; lastKnownFileType = sourcecode.cpp.cpp; path = abc003.cpp; sourceTree = "<group>"; };
		9693D3B120C80CD80032A948 /* abc004.cpp */ = {isa = PBXFileReference; lastKnownFileType = sourcecode.cpp.cpp; path = abc004.cpp; sourceTree = "<group>"; };
		9693D3B320C80D1D0032A948 /* abc005.cpp */ = {isa = PBXFileReference; lastKnownFileType = sourcecode.cpp.cpp; path = abc005.cpp; sourceTree = "<group>"; };
		9693D3B520C80E200032A948 /* abc006.cpp */ = {isa = PBXFileReference; lastKnownFileType = sourcecode.cpp.cpp; path = abc006.cpp; sourceTree = "<group>"; };
		9693D3B720C80ECF0032A948 /* abc007.cpp */ = {isa = PBXFileReference; lastKnownFileType = sourcecode.cpp.cpp; path = abc007.cpp; sourceTree = "<group>"; };
		9693D3B920C80F490032A948 /* abc008.cpp */ = {isa = PBXFileReference; lastKnownFileType = sourcecode.cpp.cpp; path = abc008.cpp; sourceTree = "<group>"; };
		9693D3BB20C80FB00032A948 /* abc009.cpp */ = {isa = PBXFileReference; lastKnownFileType = sourcecode.cpp.cpp; path = abc009.cpp; sourceTree = "<group>"; };
		9693D3BD20C810550032A948 /* abc010.cpp */ = {isa = PBXFileReference; lastKnownFileType = sourcecode.cpp.cpp; path = abc010.cpp; sourceTree = "<group>"; };
		9693D3BF20C811050032A948 /* abc011.cpp */ = {isa = PBXFileReference; lastKnownFileType = sourcecode.cpp.cpp; path = abc011.cpp; sourceTree = "<group>"; };
		9693D3C120C811A40032A948 /* abc012.cpp */ = {isa = PBXFileReference; lastKnownFileType = sourcecode.cpp.cpp; path = abc012.cpp; sourceTree = "<group>"; };
		9693D3C320C812C40032A948 /* abc013.cpp */ = {isa = PBXFileReference; lastKnownFileType = sourcecode.cpp.cpp; path = abc013.cpp; sourceTree = "<group>"; };
		9693D3C520C813710032A948 /* abc014.cpp */ = {isa = PBXFileReference; lastKnownFileType = sourcecode.cpp.cpp; path = abc014.cpp; sourceTree = "<group>"; };
		9693D3C720C815290032A948 /* abc015.cpp */ = {isa = PBXFileReference; lastKnownFileType = sourcecode.cpp.cpp; path = abc015.cpp; sourceTree = "<group>"; };
		9693D3C920C8164C0032A948 /* abc016.cpp */ = {isa = PBXFileReference; lastKnownFileType = sourcecode.cpp.cpp; path = abc016.cpp; sourceTree = "<group>"; };
		9693D3CB20C816900032A948 /* abc017.cpp */ = {isa = PBXFileReference; lastKnownFileType = sourcecode.cpp.cpp; path = abc017.cpp; sourceTree = "<group>"; };
		9693D3CD20C817260032A948 /* abc018.cpp */ = {isa = PBXFileReference; lastKnownFileType = sourcecode.cpp.cpp; path = abc018.cpp; sourceTree = "<group>"; };
		9693D3CF20C81AF50032A948 /* abc019.cpp */ = {isa = PBXFileReference; lastKnownFileType = sourcecode.cpp.cpp; path = abc019.cpp; sourceTree = "<group>"; };
		9693D3D120C81B5D0032A948 /* abc020.cpp */ = {isa = PBXFileReference; lastKnownFileType = sourcecode.cpp.cpp; path = abc020.cpp; sourceTree = "<group>"; };
		9693D3D320C81BC00032A948 /* abc021.cpp */ = {isa = PBXFileReference; lastKnownFileType = sourcecode.cpp.cpp; path = abc021.cpp; sourceTree = "<group>"; };
		9693D3D520C81C2D0032A948 /* abc022.cpp */ = {isa = PBXFileReference; lastKnownFileType = sourcecode.cpp.cpp; path = abc022.cpp; sourceTree = "<group>"; };
		9693D3D720C81D110032A948 /* abc023.cpp */ = {isa = PBXFileReference; lastKnownFileType = sourcecode.cpp.cpp; path = abc023.cpp; sourceTree = "<group>"; };
		9693D3D920C81D670032A948 /* abc024.cpp */ = {isa = PBXFileReference; lastKnownFileType = sourcecode.cpp.cpp; path = abc024.cpp; sourceTree = "<group>"; };
		9693D3DB20C81E5B0032A948 /* abc025.cpp */ = {isa = PBXFileReference; lastKnownFileType = sourcecode.cpp.cpp; path = abc025.cpp; sourceTree = "<group>"; };
		9693D3DD20C81EF30032A948 /* abc026.cpp */ = {isa = PBXFileReference; lastKnownFileType = sourcecode.cpp.cpp; path = abc026.cpp; sourceTree = "<group>"; };
		9693D3DF20C81FC40032A948 /* abc027.cpp */ = {isa = PBXFileReference; lastKnownFileType = sourcecode.cpp.cpp; path = abc027.cpp; sourceTree = "<group>"; };
		9693D3E120C820310032A948 /* abc028.cpp */ = {isa = PBXFileReference; lastKnownFileType = sourcecode.cpp.cpp; path = abc028.cpp; sourceTree = "<group>"; };
		9693D3E320C820EE0032A948 /* abc029.cpp */ = {isa = PBXFileReference; lastKnownFileType = sourcecode.cpp.cpp; path = abc029.cpp; sourceTree = "<group>"; };
		9693D3E520C8211A0032A948 /* abc030.cpp */ = {isa = PBXFileReference; lastKnownFileType = sourcecode.cpp.cpp; path = abc030.cpp; sourceTree = "<group>"; };
		9693D3E720C823B90032A948 /* open_webpage.sh */ = {isa = PBXFileReference; lastKnownFileType = text.script.sh; path = open_webpage.sh; sourceTree = "<group>"; };
		96B6849820C8FA4000137407 /* abc094.cpp */ = {isa = PBXFileReference; lastKnownFileType = sourcecode.cpp.cpp; path = abc094.cpp; sourceTree = "<group>"; };
		96B684A020C8FA8F00137407 /* abc098.cpp */ = {isa = PBXFileReference; lastKnownFileType = sourcecode.cpp.cpp; path = abc098.cpp; sourceTree = "<group>"; };
/* End PBXFileReference section */

/* Begin PBXFrameworksBuildPhase section */
		9693D39620C8050F0032A948 /* Frameworks */ = {
			isa = PBXFrameworksBuildPhase;
			buildActionMask = 2147483647;
			files = (
			);
			runOnlyForDeploymentPostprocessing = 0;
		};
/* End PBXFrameworksBuildPhase section */

/* Begin PBXGroup section */
		9693D39020C8050E0032A948 = {
			isa = PBXGroup;
			children = (
				9693D3E720C823B90032A948 /* open_webpage.sh */,
				9693D3A020C805E30032A948 /* src */,
			);
			sourceTree = "<group>";
		};
		9693D3A020C805E30032A948 /* src */ = {
			isa = PBXGroup;
			children = (
				96B684A220C8FC3800137407 /* AtCoder Beginner Contest */,
			);
			path = src;
			sourceTree = "<group>";
		};
		96B684A220C8FC3800137407 /* AtCoder Beginner Contest */ = {
			isa = PBXGroup;
			children = (
				9693D3C320C812C40032A948 /* abc013.cpp */,
				966E726A20C8A71200B28543 /* abc041.cpp */,
				966E726720C8A71200B28543 /* abc042.cpp */,
				966E729620C8B30800B28543 /* abc061.cpp */,
				966E729720C8B30900B28543 /* abc062.cpp */,
				966E729120C8B30800B28543 /* abc063.cpp */,
				966E729020C8B30800B28543 /* abc064.cpp */,
				966E729320C8B30800B28543 /* abc065.cpp */,
				966E729820C8B30900B28543 /* abc066.cpp */,
				966E729520C8B30800B28543 /* abc067.cpp */,
				966E728F20C8B30700B28543 /* abc068.cpp */,
				966E729220C8B30800B28543 /* abc069.cpp */,
				966E729420C8B30800B28543 /* abc070.cpp */,
				966E726F20C8A71300B28543 /* abc043.cpp */,
				966E726B20C8A71200B28543 /* abc044.cpp */,
				966E726820C8A71200B28543 /* abc045.cpp */,
				966E726920C8A71200B28543 /* abc046.cpp */,
				966E726E20C8A71300B28543 /* abc047.cpp */,
				966E727020C8A71300B28543 /* abc048.cpp */,
				966E726C20C8A71200B28543 /* abc049.cpp */,
				966E726D20C8A71300B28543 /* abc050.cpp */,
				9693D3C720C815290032A948 /* abc015.cpp */,
				9693D3C520C813710032A948 /* abc014.cpp */,
				9693D3AD20C80C990032A948 /* template.cpp */,
				966E725320C8996F00B28543 /* abc031.cpp */,
				966E725520C89A7600B28543 /* abc032.cpp */,
				966E725720C89C8B00B28543 /* abc033.cpp */,
				966E725920C89DFE00B28543 /* abc034.cpp */,
				966E725B20C89E8000B28543 /* abc035.cpp */,
				966E725D20C8A0A200B28543 /* abc036.cpp */,
				966E725F20C8A12C00B28543 /* abc037.cpp */,
				966E726120C8A1AD00B28543 /* abc038.cpp */,
				966E726320C8A4F100B28543 /* abc039.cpp */,
				966E726520C8A55700B28543 /* abc040.cpp */,
				9693D3B120C80CD80032A948 /* abc004.cpp */,
				9693D3A920C80C460032A948 /* abc001.cpp */,
				9693D3B320C80D1D0032A948 /* abc005.cpp */,
				9693D3B520C80E200032A948 /* abc006.cpp */,
				9693D3B720C80ECF0032A948 /* abc007.cpp */,
				966E72A420C8CB5F00B28543 /* abc071.cpp */,
				966E72A620C8CB6000B28543 /* abc072.cpp */,
				966E72A920C8CB6000B28543 /* abc073.cpp */,
				966E72A720C8CB6000B28543 /* abc074.cpp */,
				966E72A820C8CB6000B28543 /* abc075.cpp */,
				966E72A520C8CB6000B28543 /* abc076.cpp */,
				966E72AC20C8CB6100B28543 /* abc077.cpp */,
				966E72AA20C8CB6000B28543 /* abc078.cpp */,
				966E72AB20C8CB6000B28543 /* abc079.cpp */,
				966E72A320C8CB5F00B28543 /* abc080.cpp */,
				9693D3B920C80F490032A948 /* abc008.cpp */,
				9693D3BB20C80FB00032A948 /* abc009.cpp */,
				9693D3C920C8164C0032A948 /* abc016.cpp */,
				9693D3CB20C816900032A948 /* abc017.cpp */,
				9693D3CD20C817260032A948 /* abc018.cpp */,
				9693D3CF20C81AF50032A948 /* abc019.cpp */,
				9693D3AF20C80CC50032A948 /* abc003.cpp */,
				9693D3BD20C810550032A948 /* abc010.cpp */,
				9693D3BF20C811050032A948 /* abc011.cpp */,
				9693D3C120C811A40032A948 /* abc012.cpp */,
				9693D3D120C81B5D0032A948 /* abc020.cpp */,
				9693D3D320C81BC00032A948 /* abc021.cpp */,
				9693D3D520C81C2D0032A948 /* abc022.cpp */,
				9693D3D720C81D110032A948 /* abc023.cpp */,
				966E727C20C8ACE300B28543 /* abc051.cpp */,
				966E727F20C8ACE400B28543 /* abc052.cpp */,
				966E727D20C8ACE400B28543 /* abc053.cpp */,
				966E727E20C8ACE400B28543 /* abc054.cpp */,
				966E727B20C8ACE300B28543 /* abc055.cpp */,
				966E728120C8ACE400B28543 /* abc056.cpp */,
				966E728020C8ACE400B28543 /* abc057.cpp */,
				966E728220C8ACE400B28543 /* abc058.cpp */,
				966E728420C8ACE500B28543 /* abc059.cpp */,
				966E728320C8ACE400B28543 /* abc060.cpp */,
				9693D3D920C81D670032A948 /* abc024.cpp */,
				9693D3DB20C81E5B0032A948 /* abc025.cpp */,
				9693D3DD20C81EF30032A948 /* abc026.cpp */,
				9693D3DF20C81FC40032A948 /* abc027.cpp */,
				9693D3E120C820310032A948 /* abc028.cpp */,
				9693D3E320C820EE0032A948 /* abc029.cpp */,
				966E72C820C8D0E700B28543 /* abc081.cpp */,
				966E72B920C8D0E500B28543 /* abc082.cpp */,
				966E72BC20C8D0E600B28543 /* abc083.cpp */,
				966E72C520C8D0E700B28543 /* abc084.cpp */,
				966E72BA20C8D0E500B28543 /* abc085.cpp */,
				966E72C720C8D0E700B28543 /* abc086.cpp */,
				966E72C020C8D0E600B28543 /* abc087.cpp */,
				966E72BD20C8D0E600B28543 /* abc088.cpp */,
				966E72C220C8D0E700B28543 /* abc089.cpp */,
				966E72C420C8D0E700B28543 /* abc090.cpp */,
				966E72B720C8D0E500B28543 /* abc091.cpp */,
				966E72BE20C8D0E600B28543 /* abc092.cpp */,
				966E72BF20C8D0E600B28543 /* abc093.cpp */,
				96B6849820C8FA4000137407 /* abc094.cpp */,
				966E72C120C8D0E600B28543 /* abc095.cpp */,
				966E72C320C8D0E700B28543 /* abc096.cpp */,
				966E72B820C8D0E500B28543 /* abc097.cpp */,
				96B684A020C8FA8F00137407 /* abc098.cpp */,
				9693D3E520C8211A0032A948 /* abc030.cpp */,
				9693D3AB20C80C6E0032A948 /* abc002.cpp */,
			);
			path = "AtCoder Beginner Contest";
			sourceTree = "<group>";
		};
/* End PBXGroup section */

/* Begin PBXHeadersBuildPhase section */
		9693D39720C8050F0032A948 /* Headers */ = {
			isa = PBXHeadersBuildPhase;
			buildActionMask = 2147483647;
			files = (
			);
			runOnlyForDeploymentPostprocessing = 0;
		};
/* End PBXHeadersBuildPhase section */

/* Begin PBXNativeTarget section */
		9693D39820C8050F0032A948 /* atcoder */ = {
			isa = PBXNativeTarget;
			buildConfigurationList = 9693D39D20C8050F0032A948 /* Build configuration list for PBXNativeTarget "atcoder" */;
			buildPhases = (
				9693D39520C8050F0032A948 /* Sources */,
				9693D39620C8050F0032A948 /* Frameworks */,
				9693D39720C8050F0032A948 /* Headers */,
			);
			buildRules = (
			);
			dependencies = (
			);
			name = atcoder;
			productName = atcoder;
			productReference = 966E725220C898FC00B28543 /* libatcoder.a */;
			productType = "com.apple.product-type.library.static";
		};
/* End PBXNativeTarget section */

/* Begin PBXProject section */
		9693D39120C8050E0032A948 /* Project object */ = {
			isa = PBXProject;
			attributes = {
				LastUpgradeCheck = 0910;
				ORGANIZATIONNAME = reishoku;
				TargetAttributes = {
					9693D39820C8050F0032A948 = {
						CreatedOnToolsVersion = 9.1;
						ProvisioningStyle = Automatic;
					};
				};
			};
			buildConfigurationList = 9693D39420C8050E0032A948 /* Build configuration list for PBXProject "atcoder" */;
			compatibilityVersion = "Xcode 8.0";
			developmentRegion = en;
			hasScannedForEncodings = 0;
			knownRegions = (
				en,
			);
			mainGroup = 9693D39020C8050E0032A948;
			productRefGroup = 9693D39020C8050E0032A948;
			projectDirPath = "";
			projectRoot = "";
			targets = (
				9693D39820C8050F0032A948 /* atcoder */,
			);
		};
/* End PBXProject section */

/* Begin PBXSourcesBuildPhase section */
		9693D39520C8050F0032A948 /* Sources */ = {
			isa = PBXSourcesBuildPhase;
			buildActionMask = 2147483647;
			files = (
				966E725620C89A7600B28543 /* abc032.cpp in Sources */,
				966E729920C8B30900B28543 /* abc068.cpp in Sources */,
				966E729E20C8B30900B28543 /* abc070.cpp in Sources */,
				966E72D920C8D0E800B28543 /* abc086.cpp in Sources */,
				966E72A120C8B30900B28543 /* abc062.cpp in Sources */,
				9693D3BA20C80F490032A948 /* abc008.cpp in Sources */,
				966E726620C8A55700B28543 /* abc040.cpp in Sources */,
				966E728520C8ACE500B28543 /* abc055.cpp in Sources */,
				9693D3C220C811A40032A948 /* abc012.cpp in Sources */,
				9693D3B820C80ECF0032A948 /* abc007.cpp in Sources */,
				9693D3D020C81AF50032A948 /* abc019.cpp in Sources */,
				9693D3DE20C81EF30032A948 /* abc026.cpp in Sources */,
				966E728920C8ACE500B28543 /* abc052.cpp in Sources */,
				9693D3D220C81B5D0032A948 /* abc020.cpp in Sources */,
				966E726020C8A12C00B28543 /* abc037.cpp in Sources */,
				9693D3B420C80D1D0032A948 /* abc005.cpp in Sources */,
				9693D3CA20C8164C0032A948 /* abc016.cpp in Sources */,
				9693D3B620C80E200032A948 /* abc006.cpp in Sources */,
				9693D3AE20C80C990032A948 /* template.cpp in Sources */,
				966E727120C8A71300B28543 /* abc042.cpp in Sources */,
				9693D3D620C81C2D0032A948 /* abc022.cpp in Sources */,
				966E72D520C8D0E800B28543 /* abc096.cpp in Sources */,
				966E72A020C8B30900B28543 /* abc061.cpp in Sources */,
				966E727320C8A71300B28543 /* abc046.cpp in Sources */,
				966E728B20C8ACE500B28543 /* abc056.cpp in Sources */,
				966E727620C8A71300B28543 /* abc049.cpp in Sources */,
				966E72AF20C8CB6100B28543 /* abc076.cpp in Sources */,
				966E726420C8A4F100B28543 /* abc039.cpp in Sources */,
				966E72AD20C8CB6100B28543 /* abc080.cpp in Sources */,
				966E729A20C8B30900B28543 /* abc064.cpp in Sources */,
				966E729C20C8B30900B28543 /* abc069.cpp in Sources */,
				966E729D20C8B30900B28543 /* abc065.cpp in Sources */,
				966E727920C8A71300B28543 /* abc043.cpp in Sources */,
				9693D3CE20C817260032A948 /* abc018.cpp in Sources */,
				966E72B120C8CB6100B28543 /* abc074.cpp in Sources */,
				966E72B520C8CB6100B28543 /* abc079.cpp in Sources */,
				966E72AE20C8CB6100B28543 /* abc071.cpp in Sources */,
				966E72CB20C8D0E800B28543 /* abc082.cpp in Sources */,
				966E72B620C8CB6100B28543 /* abc077.cpp in Sources */,
				966E728D20C8ACE500B28543 /* abc060.cpp in Sources */,
				9693D3C820C815290032A948 /* abc015.cpp in Sources */,
				9693D3B020C80CC50032A948 /* abc003.cpp in Sources */,
				96B684A120C8FA8F00137407 /* abc098.cpp in Sources */,
				966E72B220C8CB6100B28543 /* abc075.cpp in Sources */,
				9693D3E220C820310032A948 /* abc028.cpp in Sources */,
				966E727720C8A71300B28543 /* abc050.cpp in Sources */,
				966E72D020C8D0E800B28543 /* abc092.cpp in Sources */,
				966E72CE20C8D0E800B28543 /* abc083.cpp in Sources */,
				9693D3BE20C810550032A948 /* abc010.cpp in Sources */,
				966E72DA20C8D0E800B28543 /* abc081.cpp in Sources */,
				966E72C920C8D0E800B28543 /* abc091.cpp in Sources */,
				966E72CA20C8D0E800B28543 /* abc097.cpp in Sources */,
				966E72A220C8B30900B28543 /* abc066.cpp in Sources */,
				966E729F20C8B30900B28543 /* abc067.cpp in Sources */,
				9693D3DC20C81E5B0032A948 /* abc025.cpp in Sources */,
				966E727220C8A71300B28543 /* abc045.cpp in Sources */,
				966E72B020C8CB6100B28543 /* abc072.cpp in Sources */,
				9693D3C620C813710032A948 /* abc014.cpp in Sources */,
				9693D3D420C81BC00032A948 /* abc021.cpp in Sources */,
				9693D3E020C81FC40032A948 /* abc027.cpp in Sources */,
				966E727820C8A71300B28543 /* abc047.cpp in Sources */,
				9693D3CC20C816900032A948 /* abc017.cpp in Sources */,
				966E72D220C8D0E800B28543 /* abc087.cpp in Sources */,
				966E72CF20C8D0E800B28543 /* abc088.cpp in Sources */,
				966E72B320C8CB6100B28543 /* abc073.cpp in Sources */,
				966E728C20C8ACE500B28543 /* abc058.cpp in Sources */,
				966E72CC20C8D0E800B28543 /* abc085.cpp in Sources */,
				966E72B420C8CB6100B28543 /* abc078.cpp in Sources */,
				966E725E20C8A0A200B28543 /* abc036.cpp in Sources */,
				966E725420C8996F00B28543 /* abc031.cpp in Sources */,
				966E725A20C89DFE00B28543 /* abc034.cpp in Sources */,
				966E728E20C8ACE500B28543 /* abc059.cpp in Sources */,
				966E727520C8A71300B28543 /* abc044.cpp in Sources */,
				966E728720C8ACE500B28543 /* abc053.cpp in Sources */,
				966E728A20C8ACE500B28543 /* abc057.cpp in Sources */,
				966E728820C8ACE500B28543 /* abc054.cpp in Sources */,
				9693D3B220C80CD80032A948 /* abc004.cpp in Sources */,
				966E726220C8A1AD00B28543 /* abc038.cpp in Sources */,
				9693D3DA20C81D670032A948 /* abc024.cpp in Sources */,
				96B6849920C8FA4000137407 /* abc094.cpp in Sources */,
				9693D3AA20C80C460032A948 /* abc001.cpp in Sources */,
				966E728620C8ACE500B28543 /* abc051.cpp in Sources */,
				9693D3BC20C80FB00032A948 /* abc009.cpp in Sources */,
				966E72D420C8D0E800B28543 /* abc089.cpp in Sources */,
				9693D3AC20C80C6E0032A948 /* abc002.cpp in Sources */,
				9693D3C020C811050032A948 /* abc011.cpp in Sources */,
				966E727420C8A71300B28543 /* abc041.cpp in Sources */,
				9693D3E620C8211A0032A948 /* abc030.cpp in Sources */,
				9693D3D820C81D110032A948 /* abc023.cpp in Sources */,
				966E72D120C8D0E800B28543 /* abc093.cpp in Sources */,
				966E729B20C8B30900B28543 /* abc063.cpp in Sources */,
				966E72D620C8D0E800B28543 /* abc090.cpp in Sources */,
				9693D3E420C820EE0032A948 /* abc029.cpp in Sources */,
				966E725C20C89E8000B28543 /* abc035.cpp in Sources */,
				9693D3C420C812C40032A948 /* abc013.cpp in Sources */,
				966E727A20C8A71300B28543 /* abc048.cpp in Sources */,
				966E72D720C8D0E800B28543 /* abc084.cpp in Sources */,
				966E725820C89C8B00B28543 /* abc033.cpp in Sources */,
				966E72D320C8D0E800B28543 /* abc095.cpp in Sources */,
			);
			runOnlyForDeploymentPostprocessing = 0;
		};
/* End PBXSourcesBuildPhase section */

/* Begin XCBuildConfiguration section */
		9693D39B20C8050F0032A948 /* Debug */ = {
			isa = XCBuildConfiguration;
			buildSettings = {
				ALWAYS_SEARCH_USER_PATHS = NO;
				CLANG_ANALYZER_NONNULL = YES;
				CLANG_ANALYZER_NUMBER_OBJECT_CONVERSION = YES_AGGRESSIVE;
				CLANG_CXX_LANGUAGE_STANDARD = "gnu++14";
				CLANG_CXX_LIBRARY = "libc++";
				CLANG_ENABLE_MODULES = YES;
				CLANG_ENABLE_OBJC_ARC = YES;
				CLANG_WARN_BLOCK_CAPTURE_AUTORELEASING = YES;
				CLANG_WARN_BOOL_CONVERSION = YES;
				CLANG_WARN_COMMA = YES;
				CLANG_WARN_CONSTANT_CONVERSION = YES;
				CLANG_WARN_DIRECT_OBJC_ISA_USAGE = YES_ERROR;
				CLANG_WARN_DOCUMENTATION_COMMENTS = YES;
				CLANG_WARN_EMPTY_BODY = YES;
				CLANG_WARN_ENUM_CONVERSION = YES;
				CLANG_WARN_INFINITE_RECURSION = YES;
				CLANG_WARN_INT_CONVERSION = YES;
				CLANG_WARN_NON_LITERAL_NULL_CONVERSION = YES;
				CLANG_WARN_OBJC_LITERAL_CONVERSION = YES;
				CLANG_WARN_OBJC_ROOT_CLASS = YES_ERROR;
				CLANG_WARN_RANGE_LOOP_ANALYSIS = YES;
				CLANG_WARN_STRICT_PROTOTYPES = YES;
				CLANG_WARN_SUSPICIOUS_MOVE = YES;
				CLANG_WARN_UNGUARDED_AVAILABILITY = YES_AGGRESSIVE;
				CLANG_WARN_UNREACHABLE_CODE = YES;
				CLANG_WARN__DUPLICATE_METHOD_MATCH = YES;
				CODE_SIGN_IDENTITY = "Mac Developer";
				COPY_PHASE_STRIP = NO;
				DEBUG_INFORMATION_FORMAT = dwarf;
				ENABLE_STRICT_OBJC_MSGSEND = YES;
				ENABLE_TESTABILITY = YES;
				GCC_C_LANGUAGE_STANDARD = gnu11;
				GCC_DYNAMIC_NO_PIC = NO;
				GCC_NO_COMMON_BLOCKS = YES;
				GCC_OPTIMIZATION_LEVEL = 0;
				GCC_PREPROCESSOR_DEFINITIONS = (
					"DEBUG=1",
					"$(inherited)",
				);
				GCC_WARN_64_TO_32_BIT_CONVERSION = YES;
				GCC_WARN_ABOUT_RETURN_TYPE = YES_ERROR;
				GCC_WARN_UNDECLARED_SELECTOR = YES;
				GCC_WARN_UNINITIALIZED_AUTOS = YES_AGGRESSIVE;
				GCC_WARN_UNUSED_FUNCTION = YES;
				GCC_WARN_UNUSED_VARIABLE = YES;
				MACOSX_DEPLOYMENT_TARGET = 10.13;
				MTL_ENABLE_DEBUG_INFO = YES;
				ONLY_ACTIVE_ARCH = YES;
				SDKROOT = macosx;
			};
			name = Debug;
		};
		9693D39C20C8050F0032A948 /* Release */ = {
			isa = XCBuildConfiguration;
			buildSettings = {
				ALWAYS_SEARCH_USER_PATHS = NO;
				CLANG_ANALYZER_NONNULL = YES;
				CLANG_ANALYZER_NUMBER_OBJECT_CONVERSION = YES_AGGRESSIVE;
				CLANG_CXX_LANGUAGE_STANDARD = "gnu++14";
				CLANG_CXX_LIBRARY = "libc++";
				CLANG_ENABLE_MODULES = YES;
				CLANG_ENABLE_OBJC_ARC = YES;
				CLANG_WARN_BLOCK_CAPTURE_AUTORELEASING = YES;
				CLANG_WARN_BOOL_CONVERSION = YES;
				CLANG_WARN_COMMA = YES;
				CLANG_WARN_CONSTANT_CONVERSION = YES;
				CLANG_WARN_DIRECT_OBJC_ISA_USAGE = YES_ERROR;
				CLANG_WARN_DOCUMENTATION_COMMENTS = YES;
				CLANG_WARN_EMPTY_BODY = YES;
				CLANG_WARN_ENUM_CONVERSION = YES;
				CLANG_WARN_INFINITE_RECURSION = YES;
				CLANG_WARN_INT_CONVERSION = YES;
				CLANG_WARN_NON_LITERAL_NULL_CONVERSION = YES;
				CLANG_WARN_OBJC_LITERAL_CONVERSION = YES;
				CLANG_WARN_OBJC_ROOT_CLASS = YES_ERROR;
				CLANG_WARN_RANGE_LOOP_ANALYSIS = YES;
				CLANG_WARN_STRICT_PROTOTYPES = YES;
				CLANG_WARN_SUSPICIOUS_MOVE = YES;
				CLANG_WARN_UNGUARDED_AVAILABILITY = YES_AGGRESSIVE;
				CLANG_WARN_UNREACHABLE_CODE = YES;
				CLANG_WARN__DUPLICATE_METHOD_MATCH = YES;
				CODE_SIGN_IDENTITY = "Mac Developer";
				COPY_PHASE_STRIP = NO;
				DEBUG_INFORMATION_FORMAT = "dwarf-with-dsym";
				ENABLE_NS_ASSERTIONS = NO;
				ENABLE_STRICT_OBJC_MSGSEND = YES;
				GCC_C_LANGUAGE_STANDARD = gnu11;
				GCC_NO_COMMON_BLOCKS = YES;
				GCC_WARN_64_TO_32_BIT_CONVERSION = YES;
				GCC_WARN_ABOUT_RETURN_TYPE = YES_ERROR;
				GCC_WARN_UNDECLARED_SELECTOR = YES;
				GCC_WARN_UNINITIALIZED_AUTOS = YES_AGGRESSIVE;
				GCC_WARN_UNUSED_FUNCTION = YES;
				GCC_WARN_UNUSED_VARIABLE = YES;
				MACOSX_DEPLOYMENT_TARGET = 10.13;
				MTL_ENABLE_DEBUG_INFO = NO;
				SDKROOT = macosx;
			};
			name = Release;
		};
		9693D39E20C8050F0032A948 /* Debug */ = {
			isa = XCBuildConfiguration;
			buildSettings = {
				CODE_SIGN_STYLE = Automatic;
				DEVELOPMENT_TEAM = 7FGX3XEVQL;
				EXECUTABLE_PREFIX = lib;
				PRODUCT_NAME = "$(TARGET_NAME)";
			};
			name = Debug;
		};
		9693D39F20C8050F0032A948 /* Release */ = {
			isa = XCBuildConfiguration;
			buildSettings = {
				CODE_SIGN_STYLE = Automatic;
				DEVELOPMENT_TEAM = 7FGX3XEVQL;
				EXECUTABLE_PREFIX = lib;
				PRODUCT_NAME = "$(TARGET_NAME)";
			};
			name = Release;
		};
/* End XCBuildConfiguration section */

/* Begin XCConfigurationList section */
		9693D39420C8050E0032A948 /* Build configuration list for PBXProject "atcoder" */ = {
			isa = XCConfigurationList;
			buildConfigurations = (
				9693D39B20C8050F0032A948 /* Debug */,
				9693D39C20C8050F0032A948 /* Release */,
			);
			defaultConfigurationIsVisible = 0;
			defaultConfigurationName = Release;
		};
		9693D39D20C8050F0032A948 /* Build configuration list for PBXNativeTarget "atcoder" */ = {
			isa = XCConfigurationList;
			buildConfigurations = (
				9693D39E20C8050F0032A948 /* Debug */,
				9693D39F20C8050F0032A948 /* Release */,
			);
			defaultConfigurationIsVisible = 0;
			defaultConfigurationName = Release;
		};
/* End XCConfigurationList section */
	};
	rootObject = 9693D39120C8050E0032A948 /* Project object */;
}
